
Microsoft Visual Studio Solution File, Format Version 12.00
# Visual Studio Version 17
VisualStudioVersion = 17.7.34031.279
MinimumVisualStudioVersion = 10.0.40219.1
Project("{FAE04EC0-301F-11D3-BF4B-00C04F79EFBC}") = "laba3", "laba3\laba3.csproj", "{133DAED3-AEB9-41FB-AB2F-E25B91F4D8F1}"
EndProject
Global
	GlobalSection(SolutionConfigurationPlatforms) = preSolution
		Debug|Any CPU = Debug|Any CPU
		Release|Any CPU = Release|Any CPU
	EndGlobalSection
	GlobalSection(ProjectConfigurationPlatforms) = postSolution
		{133DAED3-AEB9-41FB-AB2F-E25B91F4D8F1}.Debug|Any CPU.ActiveCfg = Debug|Any CPU
		{133DAED3-AEB9-41FB-AB2F-E25B91F4D8F1}.Debug|Any CPU.Build.0 = Debug|Any CPU
		{133DAED3-AEB9-41FB-AB2F-E25B91F4D8F1}.Release|Any CPU.ActiveCfg = Release|Any CPU
		{133DAED3-AEB9-41FB-AB2F-E25B91F4D8F1}.Release|Any CPU.Build.0 = Release|Any CPU
	EndGlobalSection
	GlobalSection(SolutionProperties) = preSolution
		HideSolutionNode = FALSE
	EndGlobalSection
	GlobalSection(ExtensibilityGlobals) = postSolution
		SolutionGuid = {8BEC9EEA-6FBD-449C-814D-0314895FFEDE}
	EndGlobalSection
EndGlobal
